{
  "name": "access-log-lambda",
  "version": "1.0.0",
  "lockfileVersion": 1,
  "requires": true,
  "dependencies": {
    "child_process": {
      "version": "1.0.2",
      "resolved": "https://registry.npmjs.org/child_process/-/child_process-1.0.2.tgz",
      "integrity": "sha1-sffn/HPSXn/R1FWtyU4UODAYK1o="
    },
    "https": {
      "version": "1.0.0",
      "resolved": "https://registry.npmjs.org/https/-/https-1.0.0.tgz",
      "integrity": "sha1-PDfHrhqO65ZpBKKtHpdaGUt+06Q="
    },
    "text-encoding": {
      "version": "0.7.0",
      "resolved": "https://registry.npmjs.org/text-encoding/-/text-encoding-0.7.0.tgz",
      "integrity": "sha512-oJQ3f1hrOnbRLOcwKz0Liq2IcrvDeZRHXhd9RgLrsT+DjWY/nty1Hi7v3dtkaEYbPYe0mUoOfzRrMwfXXwgPUA=="
    },
    "zstd-codec": {
      "version": "0.1.2",
      "resolved": "https://registry.npmjs.org/zstd-codec/-/zstd-codec-0.1.2.tgz",
      "integrity": "sha512-t1gdk33h1wT7YcBPebyGWGJTWodKsJVfDeVN0q2x/htPGLEX3BAuBvOFsU4W3BplbmTXwvH8c/TUZ/DPTXOFfg=="
    }
  }
}
