version = 1
revision = 3
requires-python = ">=3.9"

[[package]]
name = "faker"
version = "37.12.0"
source = { registry = "https://pypi.org/simple" }
dependencies = [
    { name = "tzdata" },
]
sdist = { url = "https://files.pythonhosted.org/packages/3d/84/e95acaa848b855e15c83331d0401ee5f84b2f60889255c2e055cb4fb6bdf/faker-37.12.0.tar.gz", hash = "sha256:7505e59a7e02fa9010f06c3e1e92f8250d4cfbb30632296140c2d6dbef09b0fa", size = 1935741, upload-time = "2025-10-24T15:19:58.764Z" }
wheels = [
    { url = "https://files.pythonhosted.org/packages/8e/98/2c050dec90e295a524c9b65c4cb9e7c302386a296b2938710448cbd267d5/faker-37.12.0-py3-none-any.whl", hash = "sha256:afe7ccc038da92f2fbae30d8e16d19d91e92e242f8401ce9caf44de892bab4c4", size = 1975461, upload-time = "2025-10-24T15:19:55.739Z" },
]

[[package]]
name = "mcp-server-app"
version = "0.1.0"
source = { virtual = "." }
dependencies = [
    { name = "faker" },
    { name = "tzdata" },
]

[package.metadata]
requires-dist = [
    { name = "faker", specifier = "==37.12.0" },
    { name = "tzdata", specifier = "==2026.2" },
]

[[package]]
name = "tzdata"
version = "2026.2"
source = { registry = "https://pypi.org/simple" }
sdist = { url = "https://files.pythonhosted.org/packages/ba/19/1b9b0e29f30c6d35cb345486df41110984ea67ae69dddbc0e8a100999493/tzdata-2026.2.tar.gz", hash = "sha256:9173fde7d80d9018e02a662e168e5a2d04f87c41ea174b139fbef642eda62d10", size = 198254, upload-time = "2026-04-24T15:22:08.651Z" }
wheels = [
    { url = "https://files.pythonhosted.org/packages/ce/e4/dccd7f47c4b64213ac01ef921a1337ee6e30e8c6466046018326977efd95/tzdata-2026.2-py2.py3-none-any.whl", hash = "sha256:bbe9af844f658da81a5f95019480da3a89415801f6cc966806612cc7169bffe7", size = 349321, upload-time = "2026-04-24T15:22:05.876Z" },
]
