version = 1
revision = 2
requires-python = ">=3.9"

[[package]]
name = "faker"
version = "37.5.3"
source = { registry = "https://pypi.org/simple" }
dependencies = [
    { name = "tzdata" },
]
sdist = { url = "https://files.pythonhosted.org/packages/ce/5d/7797a74e8e31fa227f0303239802c5f09b6722bdb6638359e7b6c8f30004/faker-37.5.3.tar.gz", hash = "sha256:8315d8ff4d6f4f588bd42ffe63abd599886c785073e26a44707e10eeba5713dc", size = 1907147, upload-time = "2025-07-30T15:52:19.528Z" }
wheels = [
    { url = "https://files.pythonhosted.org/packages/4b/bf/d06dd96e7afa72069dbdd26ed0853b5e8bd7941e2c0819a9b21d6e6fc052/faker-37.5.3-py3-none-any.whl", hash = "sha256:386fe9d5e6132a915984bf887fcebcc72d6366a25dd5952905b31b141a17016d", size = 1949261, upload-time = "2025-07-30T15:52:17.729Z" },
]

[[package]]
name = "mcp-server-app"
version = "0.1.0"
source = { virtual = "." }
dependencies = [
    { name = "faker" },
    { name = "tzdata" },
]

[package.metadata]
requires-dist = [
    { name = "faker", specifier = "==37.5.3" },
    { name = "tzdata", specifier = "==2025.2" },
]

[[package]]
name = "tzdata"
version = "2025.2"
source = { registry = "https://pypi.org/simple" }
sdist = { url = "https://files.pythonhosted.org/packages/95/32/1a225d6164441be760d75c2c42e2780dc0873fe382da3e98a2e1e48361e5/tzdata-2025.2.tar.gz", hash = "sha256:b60a638fcc0daffadf82fe0f57e53d06bdec2f36c4df66280ae79bce6bd6f2b9", size = 196380, upload-time = "2025-03-23T13:54:43.652Z" }
wheels = [
    { url = "https://files.pythonhosted.org/packages/5c/23/c7abc0ca0a1526a0774eca151daeb8de62ec457e77262b66b359c3c7679e/tzdata-2025.2-py2.py3-none-any.whl", hash = "sha256:1a403fada01ff9221ca8044d701868fa132215d84beb92242d9acd2147f667a8", size = 347839, upload-time = "2025-03-23T13:54:41.845Z" },
]
